
Microsoft Visual Studio Solution File, Format Version 12.00
# Visual Studio Version 17
VisualStudioVersion = 17.3.32825.248
MinimumVisualStudioVersion = 10.0.40219.1
Project("{8BC9CEB8-8B4A-11D0-8D11-00A0C91BC942}") = "Клиент", "Клиент\Клиент.vcxproj", "{F4E0D9D2-8A32-4E2B-9ECE-60C309976D48}"
EndProject
Project("{8BC9CEB8-8B4A-11D0-8D11-00A0C91BC942}") = "Сервер", "Сервер\Сервер.vcxproj", "{73A8C0B7-E0EC-4DA6-A38C-AFBC0E7186DA}"
EndProject
Global
	GlobalSection(SolutionConfigurationPlatforms) = preSolution
		Debug|x64 = Debug|x64
		Debug|x86 = Debug|x86
		Release|x64 = Release|x64
		Release|x86 = Release|x86
	EndGlobalSection
	GlobalSection(ProjectConfigurationPlatforms) = postSolution
		{F4E0D9D2-8A32-4E2B-9ECE-60C309976D48}.Debug|x64.ActiveCfg = Debug|x64
		{F4E0D9D2-8A32-4E2B-9ECE-60C309976D48}.Debug|x64.Build.0 = Debug|x64
		{F4E0D9D2-8A32-4E2B-9ECE-60C309976D48}.Debug|x86.ActiveCfg = Debug|Win32
		{F4E0D9D2-8A32-4E2B-9ECE-60C309976D48}.Debug|x86.Build.0 = Debug|Win32
		{F4E0D9D2-8A32-4E2B-9ECE-60C309976D48}.Release|x64.ActiveCfg = Release|x64
		{F4E0D9D2-8A32-4E2B-9ECE-60C309976D48}.Release|x64.Build.0 = Release|x64
		{F4E0D9D2-8A32-4E2B-9ECE-60C309976D48}.Release|x86.ActiveCfg = Release|Win32
		{F4E0D9D2-8A32-4E2B-9ECE-60C309976D48}.Release|x86.Build.0 = Release|Win32
		{73A8C0B7-E0EC-4DA6-A38C-AFBC0E7186DA}.Debug|x64.ActiveCfg = Debug|x64
		{73A8C0B7-E0EC-4DA6-A38C-AFBC0E7186DA}.Debug|x64.Build.0 = Debug|x64
		{73A8C0B7-E0EC-4DA6-A38C-AFBC0E7186DA}.Debug|x86.ActiveCfg = Debug|Win32
		{73A8C0B7-E0EC-4DA6-A38C-AFBC0E7186DA}.Debug|x86.Build.0 = Debug|Win32
		{73A8C0B7-E0EC-4DA6-A38C-AFBC0E7186DA}.Release|x64.ActiveCfg = Release|x64
		{73A8C0B7-E0EC-4DA6-A38C-AFBC0E7186DA}.Release|x64.Build.0 = Release|x64
		{73A8C0B7-E0EC-4DA6-A38C-AFBC0E7186DA}.Release|x86.ActiveCfg = Release|Win32
		{73A8C0B7-E0EC-4DA6-A38C-AFBC0E7186DA}.Release|x86.Build.0 = Release|Win32
	EndGlobalSection
	GlobalSection(SolutionProperties) = preSolution
		HideSolutionNode = FALSE
	EndGlobalSection
	GlobalSection(ExtensibilityGlobals) = postSolution
		SolutionGuid = {B365DE31-2360-45C7-A1A6-9C8F07CD0009}
	EndGlobalSection
EndGlobal
