
Microsoft Visual Studio Solution File, Format Version 12.00
# Visual Studio Version 17
VisualStudioVersion = 17.3.32825.248
MinimumVisualStudioVersion = 10.0.40219.1
Project("{8BC9CEB8-8B4A-11D0-8D11-00A0C91BC942}") = "СерверКлиентTCP", "СерверКлиентTCP\СерверКлиентTCP.vcxproj", "{5A2203FC-91A2-4829-8391-44795C8B2ECE}"
EndProject
Project("{8BC9CEB8-8B4A-11D0-8D11-00A0C91BC942}") = "КлиентСерверTCP", "КлиентСерверTCP\КлиентСерверTCP.vcxproj", "{BC24C283-08AA-477C-90C2-51C7D63B009B}"
EndProject
Global
	GlobalSection(SolutionConfigurationPlatforms) = preSolution
		Debug|x64 = Debug|x64
		Debug|x86 = Debug|x86
		Release|x64 = Release|x64
		Release|x86 = Release|x86
	EndGlobalSection
	GlobalSection(ProjectConfigurationPlatforms) = postSolution
		{5A2203FC-91A2-4829-8391-44795C8B2ECE}.Debug|x64.ActiveCfg = Debug|x64
		{5A2203FC-91A2-4829-8391-44795C8B2ECE}.Debug|x64.Build.0 = Debug|x64
		{5A2203FC-91A2-4829-8391-44795C8B2ECE}.Debug|x86.ActiveCfg = Debug|Win32
		{5A2203FC-91A2-4829-8391-44795C8B2ECE}.Debug|x86.Build.0 = Debug|Win32
		{5A2203FC-91A2-4829-8391-44795C8B2ECE}.Release|x64.ActiveCfg = Release|x64
		{5A2203FC-91A2-4829-8391-44795C8B2ECE}.Release|x64.Build.0 = Release|x64
		{5A2203FC-91A2-4829-8391-44795C8B2ECE}.Release|x86.ActiveCfg = Release|Win32
		{5A2203FC-91A2-4829-8391-44795C8B2ECE}.Release|x86.Build.0 = Release|Win32
		{BC24C283-08AA-477C-90C2-51C7D63B009B}.Debug|x64.ActiveCfg = Debug|x64
		{BC24C283-08AA-477C-90C2-51C7D63B009B}.Debug|x64.Build.0 = Debug|x64
		{BC24C283-08AA-477C-90C2-51C7D63B009B}.Debug|x86.ActiveCfg = Debug|Win32
		{BC24C283-08AA-477C-90C2-51C7D63B009B}.Debug|x86.Build.0 = Debug|Win32
		{BC24C283-08AA-477C-90C2-51C7D63B009B}.Release|x64.ActiveCfg = Release|x64
		{BC24C283-08AA-477C-90C2-51C7D63B009B}.Release|x64.Build.0 = Release|x64
		{BC24C283-08AA-477C-90C2-51C7D63B009B}.Release|x86.ActiveCfg = Release|Win32
		{BC24C283-08AA-477C-90C2-51C7D63B009B}.Release|x86.Build.0 = Release|Win32
	EndGlobalSection
	GlobalSection(SolutionProperties) = preSolution
		HideSolutionNode = FALSE
	EndGlobalSection
	GlobalSection(ExtensibilityGlobals) = postSolution
		SolutionGuid = {1A00A408-6FC7-4217-AE9E-7058FC34FDC2}
	EndGlobalSection
EndGlobal
