
Microsoft Visual Studio Solution File, Format Version 12.00
# Visual Studio Version 17
VisualStudioVersion = 17.3.32825.248
MinimumVisualStudioVersion = 10.0.40219.1
Project("{8BC9CEB8-8B4A-11D0-8D11-00A0C91BC942}") = "ДесятаяРаботаПоАнализу", "ДесятаяРаботаПоАнализу\ДесятаяРаботаПоАнализу.vcxproj", "{F2FEC93C-AD1E-4975-89C7-A341864484BD}"
EndProject
Global
	GlobalSection(SolutionConfigurationPlatforms) = preSolution
		Debug|x64 = Debug|x64
		Debug|x86 = Debug|x86
		Release|x64 = Release|x64
		Release|x86 = Release|x86
	EndGlobalSection
	GlobalSection(ProjectConfigurationPlatforms) = postSolution
		{F2FEC93C-AD1E-4975-89C7-A341864484BD}.Debug|x64.ActiveCfg = Debug|x64
		{F2FEC93C-AD1E-4975-89C7-A341864484BD}.Debug|x64.Build.0 = Debug|x64
		{F2FEC93C-AD1E-4975-89C7-A341864484BD}.Debug|x86.ActiveCfg = Debug|Win32
		{F2FEC93C-AD1E-4975-89C7-A341864484BD}.Debug|x86.Build.0 = Debug|Win32
		{F2FEC93C-AD1E-4975-89C7-A341864484BD}.Release|x64.ActiveCfg = Release|x64
		{F2FEC93C-AD1E-4975-89C7-A341864484BD}.Release|x64.Build.0 = Release|x64
		{F2FEC93C-AD1E-4975-89C7-A341864484BD}.Release|x86.ActiveCfg = Release|Win32
		{F2FEC93C-AD1E-4975-89C7-A341864484BD}.Release|x86.Build.0 = Release|Win32
	EndGlobalSection
	GlobalSection(SolutionProperties) = preSolution
		HideSolutionNode = FALSE
	EndGlobalSection
	GlobalSection(ExtensibilityGlobals) = postSolution
		SolutionGuid = {4F4200A6-4BEE-40F5-8933-17E681C03DC7}
	EndGlobalSection
EndGlobal
