
Microsoft Visual Studio Solution File, Format Version 12.00
# Visual Studio Version 17
VisualStudioVersion = 17.3.32825.248
MinimumVisualStudioVersion = 10.0.40219.1
Project("{8BC9CEB8-8B4A-11D0-8D11-00A0C91BC942}") = "СерверКлиентTCP", "СерверКлиентTCP\СерверКлиентTCP.vcxproj", "{60992040-A597-404E-8AF8-ABFA2B18CE6D}"
EndProject
Project("{8BC9CEB8-8B4A-11D0-8D11-00A0C91BC942}") = "КлиентСерверTCP", "КлиентСерверTCP\КлиентСерверTCP.vcxproj", "{1E057953-B8DC-4678-ABAE-5F1AD45B9CF3}"
EndProject
Global
	GlobalSection(SolutionConfigurationPlatforms) = preSolution
		Debug|x64 = Debug|x64
		Debug|x86 = Debug|x86
		Release|x64 = Release|x64
		Release|x86 = Release|x86
	EndGlobalSection
	GlobalSection(ProjectConfigurationPlatforms) = postSolution
		{60992040-A597-404E-8AF8-ABFA2B18CE6D}.Debug|x64.ActiveCfg = Debug|x64
		{60992040-A597-404E-8AF8-ABFA2B18CE6D}.Debug|x64.Build.0 = Debug|x64
		{60992040-A597-404E-8AF8-ABFA2B18CE6D}.Debug|x86.ActiveCfg = Debug|Win32
		{60992040-A597-404E-8AF8-ABFA2B18CE6D}.Debug|x86.Build.0 = Debug|Win32
		{60992040-A597-404E-8AF8-ABFA2B18CE6D}.Release|x64.ActiveCfg = Release|x64
		{60992040-A597-404E-8AF8-ABFA2B18CE6D}.Release|x64.Build.0 = Release|x64
		{60992040-A597-404E-8AF8-ABFA2B18CE6D}.Release|x86.ActiveCfg = Release|Win32
		{60992040-A597-404E-8AF8-ABFA2B18CE6D}.Release|x86.Build.0 = Release|Win32
		{1E057953-B8DC-4678-ABAE-5F1AD45B9CF3}.Debug|x64.ActiveCfg = Debug|x64
		{1E057953-B8DC-4678-ABAE-5F1AD45B9CF3}.Debug|x64.Build.0 = Debug|x64
		{1E057953-B8DC-4678-ABAE-5F1AD45B9CF3}.Debug|x86.ActiveCfg = Debug|Win32
		{1E057953-B8DC-4678-ABAE-5F1AD45B9CF3}.Debug|x86.Build.0 = Debug|Win32
		{1E057953-B8DC-4678-ABAE-5F1AD45B9CF3}.Release|x64.ActiveCfg = Release|x64
		{1E057953-B8DC-4678-ABAE-5F1AD45B9CF3}.Release|x64.Build.0 = Release|x64
		{1E057953-B8DC-4678-ABAE-5F1AD45B9CF3}.Release|x86.ActiveCfg = Release|Win32
		{1E057953-B8DC-4678-ABAE-5F1AD45B9CF3}.Release|x86.Build.0 = Release|Win32
	EndGlobalSection
	GlobalSection(SolutionProperties) = preSolution
		HideSolutionNode = FALSE
	EndGlobalSection
	GlobalSection(ExtensibilityGlobals) = postSolution
		SolutionGuid = {900369B3-4CED-4C02-A0D1-8D163776EB71}
	EndGlobalSection
EndGlobal
