
Microsoft Visual Studio Solution File, Format Version 12.00
# Visual Studio 15
VisualStudioVersion = 15.0.28307.1831
MinimumVisualStudioVersion = 10.0.40219.1
Project("{8BC9CEB8-8B4A-11D0-8D11-00A0C91BC942}") = "Функции Stack`а", "Функции Stack`а\Функции Stack`а.vcxproj", "{19CD1DBB-9498-4CF6-BD25-34295B183FFB}"
EndProject
Global
	GlobalSection(SolutionConfigurationPlatforms) = preSolution
		Debug|x64 = Debug|x64
		Debug|x86 = Debug|x86
		Release|x64 = Release|x64
		Release|x86 = Release|x86
	EndGlobalSection
	GlobalSection(ProjectConfigurationPlatforms) = postSolution
		{19CD1DBB-9498-4CF6-BD25-34295B183FFB}.Debug|x64.ActiveCfg = Debug|x64
		{19CD1DBB-9498-4CF6-BD25-34295B183FFB}.Debug|x64.Build.0 = Debug|x64
		{19CD1DBB-9498-4CF6-BD25-34295B183FFB}.Debug|x86.ActiveCfg = Debug|Win32
		{19CD1DBB-9498-4CF6-BD25-34295B183FFB}.Debug|x86.Build.0 = Debug|Win32
		{19CD1DBB-9498-4CF6-BD25-34295B183FFB}.Release|x64.ActiveCfg = Release|x64
		{19CD1DBB-9498-4CF6-BD25-34295B183FFB}.Release|x64.Build.0 = Release|x64
		{19CD1DBB-9498-4CF6-BD25-34295B183FFB}.Release|x86.ActiveCfg = Release|Win32
		{19CD1DBB-9498-4CF6-BD25-34295B183FFB}.Release|x86.Build.0 = Release|Win32
	EndGlobalSection
	GlobalSection(SolutionProperties) = preSolution
		HideSolutionNode = FALSE
	EndGlobalSection
	GlobalSection(ExtensibilityGlobals) = postSolution
		SolutionGuid = {B44CBE49-3935-48A9-AAB6-132A3AEF0990}
	EndGlobalSection
EndGlobal
