
Microsoft Visual Studio Solution File, Format Version 12.00
# Visual Studio Version 17
VisualStudioVersion = 17.3.32825.248
MinimumVisualStudioVersion = 10.0.40219.1
Project("{8BC9CEB8-8B4A-11D0-8D11-00A0C91BC942}") = "Тест", "Тест\Тест.vcxproj", "{F6B15EAE-B1C6-4486-9FDC-1C5DC3B8C4BF}"
EndProject
Global
	GlobalSection(SolutionConfigurationPlatforms) = preSolution
		Debug|x64 = Debug|x64
		Debug|x86 = Debug|x86
		Release|x64 = Release|x64
		Release|x86 = Release|x86
	EndGlobalSection
	GlobalSection(ProjectConfigurationPlatforms) = postSolution
		{F6B15EAE-B1C6-4486-9FDC-1C5DC3B8C4BF}.Debug|x64.ActiveCfg = Debug|x64
		{F6B15EAE-B1C6-4486-9FDC-1C5DC3B8C4BF}.Debug|x64.Build.0 = Debug|x64
		{F6B15EAE-B1C6-4486-9FDC-1C5DC3B8C4BF}.Debug|x86.ActiveCfg = Debug|Win32
		{F6B15EAE-B1C6-4486-9FDC-1C5DC3B8C4BF}.Debug|x86.Build.0 = Debug|Win32
		{F6B15EAE-B1C6-4486-9FDC-1C5DC3B8C4BF}.Release|x64.ActiveCfg = Release|x64
		{F6B15EAE-B1C6-4486-9FDC-1C5DC3B8C4BF}.Release|x64.Build.0 = Release|x64
		{F6B15EAE-B1C6-4486-9FDC-1C5DC3B8C4BF}.Release|x86.ActiveCfg = Release|Win32
		{F6B15EAE-B1C6-4486-9FDC-1C5DC3B8C4BF}.Release|x86.Build.0 = Release|Win32
	EndGlobalSection
	GlobalSection(SolutionProperties) = preSolution
		HideSolutionNode = FALSE
	EndGlobalSection
	GlobalSection(ExtensibilityGlobals) = postSolution
		SolutionGuid = {ECA013D0-8FC3-4107-8407-03F795C7741C}
	EndGlobalSection
EndGlobal
